
Microsoft Visual Studio Solution File, Format Version 12.00
# Visual Studio Version 17
VisualStudioVersion = 17.4.33403.182
MinimumVisualStudioVersion = 10.0.40219.1
Project("{FAE04EC0-301F-11D3-BF4B-00C04F79EFBC}") = "TestSystem", "TestSystem\TestSystem.csproj", "{A53D7D4E-E8AB-4097-92FA-ECC7B5AF0706}"
EndProject
Global
	GlobalSection(SolutionConfigurationPlatforms) = preSolution
		Debug|Any CPU = Debug|Any CPU
		Release|Any CPU = Release|Any CPU
	EndGlobalSection
	GlobalSection(ProjectConfigurationPlatforms) = postSolution
		{A53D7D4E-E8AB-4097-92FA-ECC7B5AF0706}.Debug|Any CPU.ActiveCfg = Debug|Any CPU
		{A53D7D4E-E8AB-4097-92FA-ECC7B5AF0706}.Debug|Any CPU.Build.0 = Debug|Any CPU
		{A53D7D4E-E8AB-4097-92FA-ECC7B5AF0706}.Release|Any CPU.ActiveCfg = Release|Any CPU
		{A53D7D4E-E8AB-4097-92FA-ECC7B5AF0706}.Release|Any CPU.Build.0 = Release|Any CPU
	EndGlobalSection
	GlobalSection(SolutionProperties) = preSolution
		HideSolutionNode = FALSE
	EndGlobalSection
	GlobalSection(ExtensibilityGlobals) = postSolution
		SolutionGuid = {E54D338F-7D52-4F2F-9C64-473F9BEE81C1}
	EndGlobalSection
EndGlobal
